
Microsoft Visual Studio Solution File, Format Version 12.00
# Visual Studio 2012
Project("{FAE04EC0-301F-11D3-BF4B-00C04F79EFBC}") = "UberSkills", "UberSkills\UberSkills.csproj", "{EA855600-859E-4F5C-B5C2-D2C7FB8215BE}"
EndProject
Project("{00D1A9C2-B5F0-4AF3-8072-F6C62B433612}") = "UberHealthDB", "UberHealthDB\UberHealthDB.sqlproj", "{1433889B-FDDD-48CA-9CF0-515AF9281F9F}"
EndProject
Global
	GlobalSection(SolutionConfigurationPlatforms) = preSolution
		Debug|Any CPU = Debug|Any CPU
		Release|Any CPU = Release|Any CPU
	EndGlobalSection
	GlobalSection(ProjectConfigurationPlatforms) = postSolution
		{EA855600-859E-4F5C-B5C2-D2C7FB8215BE}.Debug|Any CPU.ActiveCfg = Debug|Any CPU
		{EA855600-859E-4F5C-B5C2-D2C7FB8215BE}.Debug|Any CPU.Build.0 = Debug|Any CPU
		{EA855600-859E-4F5C-B5C2-D2C7FB8215BE}.Release|Any CPU.ActiveCfg = Release|Any CPU
		{EA855600-859E-4F5C-B5C2-D2C7FB8215BE}.Release|Any CPU.Build.0 = Release|Any CPU
		{1433889B-FDDD-48CA-9CF0-515AF9281F9F}.Debug|Any CPU.ActiveCfg = Debug|Any CPU
		{1433889B-FDDD-48CA-9CF0-515AF9281F9F}.Debug|Any CPU.Build.0 = Debug|Any CPU
		{1433889B-FDDD-48CA-9CF0-515AF9281F9F}.Debug|Any CPU.Deploy.0 = Debug|Any CPU
		{1433889B-FDDD-48CA-9CF0-515AF9281F9F}.Release|Any CPU.ActiveCfg = Release|Any CPU
		{1433889B-FDDD-48CA-9CF0-515AF9281F9F}.Release|Any CPU.Build.0 = Release|Any CPU
		{1433889B-FDDD-48CA-9CF0-515AF9281F9F}.Release|Any CPU.Deploy.0 = Release|Any CPU
	EndGlobalSection
	GlobalSection(SolutionProperties) = preSolution
		HideSolutionNode = FALSE
	EndGlobalSection
EndGlobal
